
Microsoft Visual Studio Solution File, Format Version 12.00
# Visual Studio Version 16
VisualStudioVersion = 16.0.29613.14
MinimumVisualStudioVersion = 10.0.40219.1
Project("{FAE04EC0-301F-11D3-BF4B-00C04F79EFBC}") = "Math.ExpressionEvaluator", "Math.ExpressionEvaluator\Math.ExpressionEvaluator.csproj", "{19E482C3-E86F-4393-BBB1-7A7A243E61AF}"
EndProject
Project("{FAE04EC0-301F-11D3-BF4B-00C04F79EFBC}") = "Math.ExpressionEvaluator.Tests", "Math.ExpressionEvaluator.Tests\Math.ExpressionEvaluator.Tests.csproj", "{C95E6BFB-E66D-49C5-9415-177488B59203}"
EndProject
Global
	GlobalSection(SolutionConfigurationPlatforms) = preSolution
		Debug|Any CPU = Debug|Any CPU
		Release|Any CPU = Release|Any CPU
	EndGlobalSection
	GlobalSection(ProjectConfigurationPlatforms) = postSolution
		{19E482C3-E86F-4393-BBB1-7A7A243E61AF}.Debug|Any CPU.ActiveCfg = Debug|Any CPU
		{19E482C3-E86F-4393-BBB1-7A7A243E61AF}.Debug|Any CPU.Build.0 = Debug|Any CPU
		{19E482C3-E86F-4393-BBB1-7A7A243E61AF}.Release|Any CPU.ActiveCfg = Release|Any CPU
		{19E482C3-E86F-4393-BBB1-7A7A243E61AF}.Release|Any CPU.Build.0 = Release|Any CPU
		{C95E6BFB-E66D-49C5-9415-177488B59203}.Debug|Any CPU.ActiveCfg = Debug|Any CPU
		{C95E6BFB-E66D-49C5-9415-177488B59203}.Debug|Any CPU.Build.0 = Debug|Any CPU
		{C95E6BFB-E66D-49C5-9415-177488B59203}.Release|Any CPU.ActiveCfg = Release|Any CPU
		{C95E6BFB-E66D-49C5-9415-177488B59203}.Release|Any CPU.Build.0 = Release|Any CPU
	EndGlobalSection
	GlobalSection(SolutionProperties) = preSolution
		HideSolutionNode = FALSE
	EndGlobalSection
	GlobalSection(ExtensibilityGlobals) = postSolution
		SolutionGuid = {72547F81-D90C-4EC8-9B4F-EA17906B7D24}
	EndGlobalSection
EndGlobal
